
Microsoft Visual Studio Solution File, Format Version 12.00
# Visual Studio Version 16
VisualStudioVersion = 16.0.31112.23
MinimumVisualStudioVersion = 10.0.40219.1
Project("{FAE04EC0-301F-11D3-BF4B-00C04F79EFBC}") = "S2223", "S2223\S2223.csproj", "{D9FE4A38-CAB6-4DD9-9076-7D4019897847}"
EndProject
Global
	GlobalSection(SolutionConfigurationPlatforms) = preSolution
		Debug|Any CPU = Debug|Any CPU
		Release|Any CPU = Release|Any CPU
	EndGlobalSection
	GlobalSection(ProjectConfigurationPlatforms) = postSolution
		{D9FE4A38-CAB6-4DD9-9076-7D4019897847}.Debug|Any CPU.ActiveCfg = Debug|Any CPU
		{D9FE4A38-CAB6-4DD9-9076-7D4019897847}.Debug|Any CPU.Build.0 = Debug|Any CPU
		{D9FE4A38-CAB6-4DD9-9076-7D4019897847}.Release|Any CPU.ActiveCfg = Release|Any CPU
		{D9FE4A38-CAB6-4DD9-9076-7D4019897847}.Release|Any CPU.Build.0 = Release|Any CPU
	EndGlobalSection
	GlobalSection(SolutionProperties) = preSolution
		HideSolutionNode = FALSE
	EndGlobalSection
	GlobalSection(ExtensibilityGlobals) = postSolution
		SolutionGuid = {B25A0563-922A-4FF7-9BA8-CE166052DE91}
	EndGlobalSection
EndGlobal
